
Microsoft Visual Studio Solution File, Format Version 12.00
# Visual Studio Version 17
VisualStudioVersion = 17.14.36429.23
MinimumVisualStudioVersion = 10.0.40219.1
Project("{FAE04EC0-301F-11D3-BF4B-00C04F79EFBC}") = "DoAn-GUI", "DoAn\DoAn-GUI.csproj", "{8D78BA97-4090-4D96-97CA-FAC4CD9232B6}"
EndProject
Project("{FAE04EC0-301F-11D3-BF4B-00C04F79EFBC}") = "DoAn-BUS", "DoAn-BUS\DoAn-BUS.csproj", "{31731C74-715D-4934-81B7-4A973821154D}"
EndProject
Project("{FAE04EC0-301F-11D3-BF4B-00C04F79EFBC}") = "DoAn-DAL", "DoAn-DAL\DoAn-DAL.csproj", "{C8B0F371-B418-4CDF-9B02-669811BC6767}"
EndProject
Global
	GlobalSection(SolutionConfigurationPlatforms) = preSolution
		Debug|Any CPU = Debug|Any CPU
		Release|Any CPU = Release|Any CPU
	EndGlobalSection
	GlobalSection(ProjectConfigurationPlatforms) = postSolution
		{8D78BA97-4090-4D96-97CA-FAC4CD9232B6}.Debug|Any CPU.ActiveCfg = Debug|Any CPU
		{8D78BA97-4090-4D96-97CA-FAC4CD9232B6}.Debug|Any CPU.Build.0 = Debug|Any CPU
		{8D78BA97-4090-4D96-97CA-FAC4CD9232B6}.Release|Any CPU.ActiveCfg = Release|Any CPU
		{8D78BA97-4090-4D96-97CA-FAC4CD9232B6}.Release|Any CPU.Build.0 = Release|Any CPU
		{31731C74-715D-4934-81B7-4A973821154D}.Debug|Any CPU.ActiveCfg = Debug|Any CPU
		{31731C74-715D-4934-81B7-4A973821154D}.Debug|Any CPU.Build.0 = Debug|Any CPU
		{31731C74-715D-4934-81B7-4A973821154D}.Release|Any CPU.ActiveCfg = Release|Any CPU
		{31731C74-715D-4934-81B7-4A973821154D}.Release|Any CPU.Build.0 = Release|Any CPU
		{C8B0F371-B418-4CDF-9B02-669811BC6767}.Debug|Any CPU.ActiveCfg = Debug|Any CPU
		{C8B0F371-B418-4CDF-9B02-669811BC6767}.Debug|Any CPU.Build.0 = Debug|Any CPU
		{C8B0F371-B418-4CDF-9B02-669811BC6767}.Release|Any CPU.ActiveCfg = Release|Any CPU
		{C8B0F371-B418-4CDF-9B02-669811BC6767}.Release|Any CPU.Build.0 = Release|Any CPU
	EndGlobalSection
	GlobalSection(SolutionProperties) = preSolution
		HideSolutionNode = FALSE
	EndGlobalSection
	GlobalSection(ExtensibilityGlobals) = postSolution
		SolutionGuid = {6554731B-B0DC-4787-8694-9BFD02C156DD}
	EndGlobalSection
EndGlobal
